github.com/armon/consul-api v0.0.0-20180202201655-eb2c6b5be1b6/go.mod h1:grANhF5doyWs3UAsr3K4I6qtAmlQcZDesFNEHPZAzj8=
github.com/cpuguy83/go-md2man v0.0.0-20180215021727-48d8747a2ca1/go.mod h1:N6JayAiVKtlHSnuTCeuLSQVs75hb8q+dYQLjr7cDsKY=
github.com/davecgh/go-spew v1.1.0/go.mod h1:J7Y8YcW2NihsgmVo/mv3lAwl/skON4iLHjSsI+c5H38=
github.com/davecgh/go-spew v1.1.1 h1:vj9j/u1bqnvCEfJOwUhtlOARqs3+rkHYY13jYWTU97c=
github.com/davecgh/go-spew v1.1.1/go.mod h1:J7Y8YcW2NihsgmVo/mv3lAwl/skON4iLHjSsI+c5H38=
github.com/fsnotify/fsnotify v1.4.7 h1:IXs+QLmnXW2CcXuY+8Mzv/fWEsPGWxqefPtCP5CnV9I=
github.com/fsnotify/fsnotify v1.4.7/go.mod h1:jwhsz4b93w/PPRr/qN1Yymfu8t87LnFCMoQvtojpjFo=
github.com/hashicorp/hcl v0.0.0-20180404174102-ef8a98b0bbce h1:xdsDDbiBDQTKASoGEZ+pEmF1OnWuu8AQ9I8iNbHNeno=
github.com/hashicorp/hcl v0.0.0-20180404174102-ef8a98b0bbce/go.mod h1:oZtUIOe8dh44I2q6ScRibXws4Ajl+d+nod3AaR9vL5w=
github.com/inconshreveable/mousetrap v1.0.0 h1:Z8tu5sraLXCXIcARxBp/8cbvlwVa7Z1NHg9XEKhtSvM=
github.com/inconshreveable/mousetrap v1.0.0/go.mod h1:PxqpIevigyE2G7u3NXJIT2ANytuPF1OarO4DADm73n8=
github.com/kardianos/osext v0.0.0-20170510131534-ae77be60afb1 h1:PJPDf8OUfOK1bb/NeTKd4f1QXZItOX389VN3B6qC8ro=
github.com/kardianos/osext v0.0.0-20170510131534-ae77be60afb1/go.mod h1:1NbS8ALrpOvjt0rHPNLyCIeMtbizbir8U//inJ+zuB8=
github.com/kardianos/service v0.0.0-20181115005516-4c239ee84e7b h1:vfiqKno48aUndBMjTeWFpCExNnTf2Xnd6d228L4EfTQ=
github.com/kardianos/service v0.0.0-20181115005516-4c239ee84e7b/go.mod h1:10UU/bEkzh2iEN6aYzbevY7J6p03KO5siTxQWXMEerg=
github.com/magiconair/properties v0.0.0-20180217134545-2c9e95027885 h1:HWxJJvF+QceKcql4r9PC93NtMEgEBfBxlQrZPvbcQvs=
github.com/magiconair/properties v0.0.0-20180217134545-2c9e95027885/go.mod h1:PppfXfuXeibc/6YijjN8zIbojt8czPbwD3XqdrwzmxQ=
github.com/mitchellh/mapstructure v0.0.0-20180220230111-00c29f56e238 h1:+MZW2uvHgN8kYvksEN3f7eFL2wpzk0GxmlFsMybWc7E=
github.com/mitchellh/mapstructure v0.0.0-20180220230111-00c29f56e238/go.mod h1:FVVH3fgwuzCH5S8UJGiWEs2h04kUh9fWfEaFds41c1Y=
github.com/notdpate/evloghook v0.0.0-20180503050227-f202fa6c9ebb h1:GFmMJZvdCkRfbfo07+lUKrB+jh2cJ+a2l6qD/3hxZ6M=
github.com/notdpate/evloghook v0.0.0-20180503050227-f202fa6c9ebb/go.mod h1:ukoRZyzBppMQypxM7KqEvHc4DB5uNW6NXFp1sVeXamM=
github.com/pelletier/go-toml v0.0.0-20180323185243-66540cf1fcd2 h1:BR4UJUSGxC9crpVRG7k28Mq2HRB7lO2A3/ghfWl0R+M=
github.com/pelletier/go-toml v0.0.0-20180323185243-66540cf1fcd2/go.mod h1:5z9KED0ma1S8pY6P1sdut58dfprrGBbd/94hg7ilaic=
github.com/pmezard/go-difflib v1.0.0 h1:4DBwDE0NGyQoBHbLQYPwSUPoCMWR5BEzIk/f1lZbAQM=
github.com/pmezard/go-difflib v1.0.0/go.mod h1:iKH77koFhYxTK1pcRnkKkqfTogsbg7gZNVY4sRDYZ/4=
github.com/russross/blackfriday v1.5.1/go.mod h1:JO/DiYxRf+HjHt06OyowR9PTA263kcR/rfWxYHBV53g=
github.com/shurcooL/sanitized_anchor_name v0.0.0-20170918181015-86672fcb3f95/go.mod h1:1NzhyTcUVG4SuEtjjoZeVRXNmyL/1OwPU0+IJeTBvfc=
github.com/sirupsen/logrus v0.0.0-20180329225952-778f2e774c72 h1:BI8cisoUyvxGxbdsW8bt5a371/2lj58U37yC0rxA45w=
github.com/sirupsen/logrus v0.0.0-20180329225952-778f2e774c72/go.mod h1:pMByvHTf9Beacp5x1UXfOR9xyW/9antXMhjMPG0dEzc=
github.com/spf13/afero v1.1.0 h1:bopulORc2JeYaxfHLvJa5NzxviA9PoWhpiiJkru7Ji4=
github.com/spf13/afero v1.1.0/go.mod h1:j4pytiNVoe2o6bmDsKpLACNPDBIoEAkihy7loJ1B0CQ=
github.com/spf13/cast v1.2.0 h1:HHl1DSRbEQN2i8tJmtS6ViPyHx35+p51amrdsiTCrkg=
github.com/spf13/cast v1.2.0/go.mod h1:r2rcYCSwa1IExKTDiTfzaxqT2FNHs8hODu4LnUfgKEg=
github.com/spf13/cobra v0.0.0-20180424161512-0ab5b6bcfcde h1:K8dLFLlzRNwnS8D7yc+QvEcO8Ak3zk4YZpWtzYWorog=
github.com/spf13/cobra v0.0.0-20180424161512-0ab5b6bcfcde/go.mod h1:1l0Ry5zgKvJasoi3XT1TypsSe7PqH0Sj9dhYf7v3XqQ=
github.com/spf13/jwalterweatherman v0.0.0-20180109140146-7c0cea34c8ec h1:2ZXvIUGghLpdTVHR1UfvfrzoVlZaE/yOWC5LueIHZig=
github.com/spf13/jwalterweatherman v0.0.0-20180109140146-7c0cea34c8ec/go.mod h1:cQK4TGJAtQXfYWX+Ddv3mKDzgVb68N+wFjFa4jdeBTo=
github.com/spf13/pflag v1.0.1 h1:aCvUg6QPl3ibpQUxyLkrEkCHtPqYJL4x9AuhqVqFis4=
github.com/spf13/pflag v1.0.1/go.mod h1:DYY7MBk1bdzusC3SYhjObp+wFpr4gzcvqqNjLnInEg4=
github.com/spf13/viper v0.0.0-20180404183325-8dc2790b029d h1:L8nQzf8HvZkwRTWjJb7O5Fww1fk6WtNaDr07G6tyJ/E=
github.com/spf13/viper v0.0.0-20180404183325-8dc2790b029d/go.mod h1:A8kyI5cUJhb8N+3pkfONlcEcZbueH6nhAm0Fq7SrnBM=
github.com/stretchr/objx v0.1.0/go.mod h1:HFkY916IF+rwdDfMAkV7OtwuqBVzrE8GR6GFx+wExME=
github.com/stretchr/testify v1.3.0 h1:TivCn/peBQ7UY8ooIcPgZFpTNSz0Q2U6UrFlUfqbe0Q=
github.com/stretchr/testify v1.3.0/go.mod h1:M5WIy9Dh21IEIfnGCwXGc5bZfKNJtfHm1UVUgZn+9EI=
github.com/thorduri/go-libusb v0.0.0-20170313131533-bbed4ca2a465 h1:y58HqhGqMtMT3UpIC4Zrh4bH+giVVLa920TqKlP1Dtw=
github.com/thorduri/go-libusb v0.0.0-20170313131533-bbed4ca2a465/go.mod h1:l8+ROdG88NY8Su0KY3a2gcCoBotTvlu05A0J8J3aYYs=
github.com/xordataexchange/crypt v0.0.0-20170626215501-b2862e3d0a77/go.mod h1:aYKd//L2LvnjZzWKhF00oedf4jCCReLcmhLdhm1A27Q=
golang.org/x/crypto v0.0.0-20180425071531-b0697eccbea9 h1:3KeP7KWmWXmkcCjNPMK5c6s3KgaWE5q589sggpeDPlc=
golang.org/x/crypto v0.0.0-20180425071531-b0697eccbea9/go.mod h1:6SG95UA2DQfeDnfUPMdvaQW0Q7yPrPDi9nlGo2tz2b4=
golang.org/x/sys v0.0.0-20180420145319-79b0c6888797 h1:ux9vYny+vlzqIcwoO6gRu+voPvKJA10ZceuJwWf2J88=
golang.org/x/sys v0.0.0-20180420145319-79b0c6888797/go.mod h1:STP8DvDyc/dI5b8T5hshtkjS+E42TnysNCUPdjciGhY=
golang.org/x/text v0.0.0-20180410181320-7922cc490dd5 h1:JuX0hiV/F4xp4w8qqbN49Nsatovt4Kckp6J/5EbNi9Y=
golang.org/x/text v0.0.0-20180410181320-7922cc490dd5/go.mod h1:NqM8EUOU14njkJ3fqMW+pc6Ldnwhi/IjpwHt7yyuwOQ=
gopkg.in/airbrake/gobrake.v2 v2.0.9 h1:7z2uVWwn7oVeeugY1DtlPAy5H+KYgB1KeKTnqjNatLo=
gopkg.in/airbrake/gobrake.v2 v2.0.9/go.mod h1:/h5ZAUhDkGaJfjzjKLSjv6zCL6O0LLBxU4K+aSYdM/U=
gopkg.in/check.v1 v0.0.0-20161208181325-20d25e280405 h1:yhCVgyC4o1eVCa2tZl7eS0r+SDo693bJlVdllGtEeKM=
gopkg.in/check.v1 v0.0.0-20161208181325-20d25e280405/go.mod h1:Co6ibVJAznAaIkqp8huTwlJQCZ016jof/cbN4VW5Yz0=
gopkg.in/gemnasium/logrus-airbrake-hook.v2 v2.1.2 h1:OAj3g0cR6Dx/R07QgQe8wkA9RNjB2u4i700xBkIT4e0=
gopkg.in/gemnasium/logrus-airbrake-hook.v2 v2.1.2/go.mod h1:Xk6kEKp8OKb+X14hQBKWaSkCsqBpgog8nAV2xsGOxlo=
gopkg.in/yaml.v2 v2.2.1 h1:mUhvW9EsL+naU5Q3cakzfE91YhliOondGd6ZrsDBHQE=
gopkg.in/yaml.v2 v2.2.1/go.mod h1:hI93XBmqTisBFMUTm0b8Fm+jr3Dg1NNxqwp+5A1VGuI=
